
Microsoft Visual Studio Solution File, Format Version 12.00
Project("{FAE04EC0-301F-11D3-BF4B-00C04F79EFBC}") = "Ryo.MotoRyo", "MotoRyo\MotoRyo.csproj", "{67E18A42-C563-412A-9948-378F298F5144}"
EndProject
Project("{FAE04EC0-301F-11D3-BF4B-00C04F79EFBC}") = "Ryo.Main", "Main\Main.csproj", "{71DD734F-EE6B-478A-9874-A47538FB2897}"
EndProject
Project("{FAE04EC0-301F-11D3-BF4B-00C04F79EFBC}") = "AssetManager", "AssetManager\AssetManager.csproj", "{69E85FAB-22F9-4C2D-9D2D-011C3987A5C0}"
EndProject
Global
	GlobalSection(SolutionConfigurationPlatforms) = preSolution
		Debug|Any CPU = Debug|Any CPU
		Release|Any CPU = Release|Any CPU
	EndGlobalSection
	GlobalSection(ProjectConfigurationPlatforms) = postSolution
		{67E18A42-C563-412A-9948-378F298F5144}.Debug|Any CPU.ActiveCfg = Debug|Any CPU
		{67E18A42-C563-412A-9948-378F298F5144}.Debug|Any CPU.Build.0 = Debug|Any CPU
		{67E18A42-C563-412A-9948-378F298F5144}.Release|Any CPU.ActiveCfg = Release|Any CPU
		{67E18A42-C563-412A-9948-378F298F5144}.Release|Any CPU.Build.0 = Release|Any CPU
		{71DD734F-EE6B-478A-9874-A47538FB2897}.Debug|Any CPU.ActiveCfg = Debug|Any CPU
		{71DD734F-EE6B-478A-9874-A47538FB2897}.Debug|Any CPU.Build.0 = Debug|Any CPU
		{71DD734F-EE6B-478A-9874-A47538FB2897}.Release|Any CPU.ActiveCfg = Release|Any CPU
		{71DD734F-EE6B-478A-9874-A47538FB2897}.Release|Any CPU.Build.0 = Release|Any CPU
		{69E85FAB-22F9-4C2D-9D2D-011C3987A5C0}.Debug|Any CPU.ActiveCfg = Debug|Any CPU
		{69E85FAB-22F9-4C2D-9D2D-011C3987A5C0}.Debug|Any CPU.Build.0 = Debug|Any CPU
		{69E85FAB-22F9-4C2D-9D2D-011C3987A5C0}.Release|Any CPU.ActiveCfg = Release|Any CPU
		{69E85FAB-22F9-4C2D-9D2D-011C3987A5C0}.Release|Any CPU.Build.0 = Release|Any CPU
	EndGlobalSection
	GlobalSection(NestedProjects) = preSolution
	EndGlobalSection
EndGlobal
